// !$*UTF8*$!
{
	archiveVersion = 1;
	classes = {
	};
	objectVersion = 56;
	objects = {

/* Begin PBXBuildFile section */
		18FFE1592A777B0E0032DEA6 /* AppDelegate.swift in Sources */ = {isa = PBXBuildFile; fileRef = 18FFE1582A777B0E0032DEA6 /* AppDelegate.swift */; };
		18FFE15B2A777B0E0032DEA6 /* SceneDelegate.swift in Sources */ = {isa = PBXBuildFile; fileRef = 18FFE15A2A777B0E0032DEA6 /* SceneDelegate.swift */; };
		18FFE1602A777B0E0032DEA6 /* Main.storyboard in Resources */ = {isa = PBXBuildFile; fileRef = 18FFE15E2A777B0E0032DEA6 /* Main.storyboard */; };
		18FFE1622A777B100032DEA6 /* Assets.xcassets in Resources */ = {isa = PBXBuildFile; fileRef = 18FFE1612A777B100032DEA6 /* Assets.xcassets */; };
		18FFE1652A777B100032DEA6 /* LaunchScreen.storyboard in Resources */ = {isa = PBXBuildFile; fileRef = 18FFE1632A777B100032DEA6 /* LaunchScreen.storyboard */; };
		18FFE1742A777CC10032DEA6 /* HomeController.swift in Sources */ = {isa = PBXBuildFile; fileRef = 18FFE1732A777CC10032DEA6 /* HomeController.swift */; };
		18FFE1762A777CF20032DEA6 /* SearchController.swift in Sources */ = {isa = PBXBuildFile; fileRef = 18FFE1752A777CF20032DEA6 /* SearchController.swift */; };
		18FFE1782A777D170032DEA6 /* ProfileController.swift in Sources */ = {isa = PBXBuildFile; fileRef = 18FFE1772A777D170032DEA6 /* ProfileController.swift */; };
		18FFE17F2A7782FE0032DEA6 /* HomeCollectionViewCell.swift in Sources */ = {isa = PBXBuildFile; fileRef = 18FFE17D2A7782FE0032DEA6 /* HomeCollectionViewCell.swift */; };
		18FFE1802A7782FE0032DEA6 /* HomeCollectionViewCell.xib in Resources */ = {isa = PBXBuildFile; fileRef = 18FFE17E2A7782FE0032DEA6 /* HomeCollectionViewCell.xib */; };
		18FFE1852A7788B90032DEA6 /* SearchTableViewCell.swift in Sources */ = {isa = PBXBuildFile; fileRef = 18FFE1832A7788B90032DEA6 /* SearchTableViewCell.swift */; };
		18FFE1862A7788B90032DEA6 /* SearchTableViewCell.xib in Resources */ = {isa = PBXBuildFile; fileRef = 18FFE1842A7788B90032DEA6 /* SearchTableViewCell.xib */; };
		18FFE1882A778B0C0032DEA6 /* TeamsData.json in Resources */ = {isa = PBXBuildFile; fileRef = 18FFE1872A778B0C0032DEA6 /* TeamsData.json */; };
		18FFE18B2A778B440032DEA6 /* JsonHelper.swift in Sources */ = {isa = PBXBuildFile; fileRef = 18FFE18A2A778B440032DEA6 /* JsonHelper.swift */; };
		18FFE18F2A778BA00032DEA6 /* TeamsModel.swift in Sources */ = {isa = PBXBuildFile; fileRef = 18FFE18E2A778BA00032DEA6 /* TeamsModel.swift */; };
		18FFE1912A7793900032DEA6 /* SearchViewModel.swift in Sources */ = {isa = PBXBuildFile; fileRef = 18FFE1902A7793900032DEA6 /* SearchViewModel.swift */; };
		18FFE1942A77985A0032DEA6 /* Constant.swift in Sources */ = {isa = PBXBuildFile; fileRef = 18FFE1932A77985A0032DEA6 /* Constant.swift */; };
		18FFE1972A7798780032DEA6 /* MutableCollection+Extension.swift in Sources */ = {isa = PBXBuildFile; fileRef = 18FFE1962A7798780032DEA6 /* MutableCollection+Extension.swift */; };
		18FFE19D2A77ADB30032DEA6 /* ApiHandler.swift in Sources */ = {isa = PBXBuildFile; fileRef = 18FFE19C2A77ADB30032DEA6 /* ApiHandler.swift */; };
		18FFE19F2A77AF370032DEA6 /* UserModel.swift in Sources */ = {isa = PBXBuildFile; fileRef = 18FFE19E2A77AF370032DEA6 /* UserModel.swift */; };
		18FFE1A12A77AFE10032DEA6 /* ProfileViewModel.swift in Sources */ = {isa = PBXBuildFile; fileRef = 18FFE1A02A77AFE10032DEA6 /* ProfileViewModel.swift */; };
		18FFE1A52A77B1A00032DEA6 /* ProfileTableViewCell.swift in Sources */ = {isa = PBXBuildFile; fileRef = 18FFE1A32A77B1A00032DEA6 /* ProfileTableViewCell.swift */; };
		18FFE1A62A77B1A00032DEA6 /* ProfileTableViewCell.xib in Resources */ = {isa = PBXBuildFile; fileRef = 18FFE1A42A77B1A00032DEA6 /* ProfileTableViewCell.xib */; };
/* End PBXBuildFile section */

/* Begin PBXFileReference section */
		18FFE1552A777B0E0032DEA6 /* ConcurrencyDemo.app */ = {isa = PBXFileReference; explicitFileType = wrapper.application; includeInIndex = 0; path = ConcurrencyDemo.app; sourceTree = BUILT_PRODUCTS_DIR; };
		18FFE1582A777B0E0032DEA6 /* AppDelegate.swift */ = {isa = PBXFileReference; lastKnownFileType = sourcecode.swift; path = AppDelegate.swift; sourceTree = "<group>"; };
		18FFE15A2A777B0E0032DEA6 /* SceneDelegate.swift */ = {isa = PBXFileReference; lastKnownFileType = sourcecode.swift; path = SceneDelegate.swift; sourceTree = "<group>"; };
		18FFE15F2A777B0E0032DEA6 /* Base */ = {isa = PBXFileReference; lastKnownFileType = file.storyboard; name = Base; path = Base.lproj/Main.storyboard; sourceTree = "<group>"; };
		18FFE1612A777B100032DEA6 /* Assets.xcassets */ = {isa = PBXFileReference; lastKnownFileType = folder.assetcatalog; path = Assets.xcassets; sourceTree = "<group>"; };
		18FFE1642A777B100032DEA6 /* Base */ = {isa = PBXFileReference; lastKnownFileType = file.storyboard; name = Base; path = Base.lproj/LaunchScreen.storyboard; sourceTree = "<group>"; };
		18FFE1662A777B100032DEA6 /* Info.plist */ = {isa = PBXFileReference; lastKnownFileType = text.plist.xml; path = Info.plist; sourceTree = "<group>"; };
		18FFE1732A777CC10032DEA6 /* HomeController.swift */ = {isa = PBXFileReference; lastKnownFileType = sourcecode.swift; path = HomeController.swift; sourceTree = "<group>"; };
		18FFE1752A777CF20032DEA6 /* SearchController.swift */ = {isa = PBXFileReference; lastKnownFileType = sourcecode.swift; path = SearchController.swift; sourceTree = "<group>"; };
		18FFE1772A777D170032DEA6 /* ProfileController.swift */ = {isa = PBXFileReference; lastKnownFileType = sourcecode.swift; path = ProfileController.swift; sourceTree = "<group>"; };
		18FFE17D2A7782FE0032DEA6 /* HomeCollectionViewCell.swift */ = {isa = PBXFileReference; lastKnownFileType = sourcecode.swift; path = HomeCollectionViewCell.swift; sourceTree = "<group>"; };
		18FFE17E2A7782FE0032DEA6 /* HomeCollectionViewCell.xib */ = {isa = PBXFileReference; lastKnownFileType = file.xib; path = HomeCollectionViewCell.xib; sourceTree = "<group>"; };
		18FFE1832A7788B90032DEA6 /* SearchTableViewCell.swift */ = {isa = PBXFileReference; lastKnownFileType = sourcecode.swift; path = SearchTableViewCell.swift; sourceTree = "<group>"; };
		18FFE1842A7788B90032DEA6 /* SearchTableViewCell.xib */ = {isa = PBXFileReference; lastKnownFileType = file.xib; path = SearchTableViewCell.xib; sourceTree = "<group>"; };
		18FFE1872A778B0C0032DEA6 /* TeamsData.json */ = {isa = PBXFileReference; fileEncoding = 4; lastKnownFileType = text.json; path = TeamsData.json; sourceTree = "<group>"; };
		18FFE18A2A778B440032DEA6 /* JsonHelper.swift */ = {isa = PBXFileReference; lastKnownFileType = sourcecode.swift; path = JsonHelper.swift; sourceTree = "<group>"; };
		18FFE18E2A778BA00032DEA6 /* TeamsModel.swift */ = {isa = PBXFileReference; lastKnownFileType = sourcecode.swift; path = TeamsModel.swift; sourceTree = "<group>"; };
		18FFE1902A7793900032DEA6 /* SearchViewModel.swift */ = {isa = PBXFileReference; lastKnownFileType = sourcecode.swift; path = SearchViewModel.swift; sourceTree = "<group>"; };
		18FFE1932A77985A0032DEA6 /* Constant.swift */ = {isa = PBXFileReference; lastKnownFileType = sourcecode.swift; path = Constant.swift; sourceTree = "<group>"; };
		18FFE1962A7798780032DEA6 /* MutableCollection+Extension.swift */ = {isa = PBXFileReference; lastKnownFileType = sourcecode.swift; path = "MutableCollection+Extension.swift"; sourceTree = "<group>"; };
		18FFE19C2A77ADB30032DEA6 /* ApiHandler.swift */ = {isa = PBXFileReference; lastKnownFileType = sourcecode.swift; path = ApiHandler.swift; sourceTree = "<group>"; };
		18FFE19E2A77AF370032DEA6 /* UserModel.swift */ = {isa = PBXFileReference; lastKnownFileType = sourcecode.swift; path = UserModel.swift; sourceTree = "<group>"; };
		18FFE1A02A77AFE10032DEA6 /* ProfileViewModel.swift */ = {isa = PBXFileReference; lastKnownFileType = sourcecode.swift; path = ProfileViewModel.swift; sourceTree = "<group>"; };
		18FFE1A32A77B1A00032DEA6 /* ProfileTableViewCell.swift */ = {isa = PBXFileReference; lastKnownFileType = sourcecode.swift; path = ProfileTableViewCell.swift; sourceTree = "<group>"; };
		18FFE1A42A77B1A00032DEA6 /* ProfileTableViewCell.xib */ = {isa = PBXFileReference; lastKnownFileType = file.xib; path = ProfileTableViewCell.xib; sourceTree = "<group>"; };
/* End PBXFileReference section */

/* Begin PBXFrameworksBuildPhase section */
		18FFE1522A777B0E0032DEA6 /* Frameworks */ = {
			isa = PBXFrameworksBuildPhase;
			buildActionMask = 2147483647;
			files = (
			);
			runOnlyForDeploymentPostprocessing = 0;
		};
/* End PBXFrameworksBuildPhase section */

/* Begin PBXGroup section */
		18FFE14C2A777B0E0032DEA6 = {
			isa = PBXGroup;
			children = (
				18FFE1572A777B0E0032DEA6 /* ConcurrencyDemo */,
				18FFE1562A777B0E0032DEA6 /* Products */,
			);
			sourceTree = "<group>";
		};
		18FFE1562A777B0E0032DEA6 /* Products */ = {
			isa = PBXGroup;
			children = (
				18FFE1552A777B0E0032DEA6 /* ConcurrencyDemo.app */,
			);
			name = Products;
			sourceTree = "<group>";
		};
		18FFE1572A777B0E0032DEA6 /* ConcurrencyDemo */ = {
			isa = PBXGroup;
			children = (
				18FFE16C2A777BE20032DEA6 /* Application */,
				18FFE16D2A777BF80032DEA6 /* Storyboards */,
				18FFE16E2A777C220032DEA6 /* Resource */,
				18FFE1922A77984B0032DEA6 /* Utility */,
				18FFE16F2A777C650032DEA6 /* Screens */,
				18FFE1662A777B100032DEA6 /* Info.plist */,
			);
			path = ConcurrencyDemo;
			sourceTree = "<group>";
		};
		18FFE16C2A777BE20032DEA6 /* Application */ = {
			isa = PBXGroup;
			children = (
				18FFE1582A777B0E0032DEA6 /* AppDelegate.swift */,
				18FFE15A2A777B0E0032DEA6 /* SceneDelegate.swift */,
			);
			path = Application;
			sourceTree = "<group>";
		};
		18FFE16D2A777BF80032DEA6 /* Storyboards */ = {
			isa = PBXGroup;
			children = (
				18FFE15E2A777B0E0032DEA6 /* Main.storyboard */,
				18FFE1632A777B100032DEA6 /* LaunchScreen.storyboard */,
			);
			path = Storyboards;
			sourceTree = "<group>";
		};
		18FFE16E2A777C220032DEA6 /* Resource */ = {
			isa = PBXGroup;
			children = (
				18FFE1612A777B100032DEA6 /* Assets.xcassets */,
				18FFE1872A778B0C0032DEA6 /* TeamsData.json */,
			);
			path = Resource;
			sourceTree = "<group>";
		};
		18FFE16F2A777C650032DEA6 /* Screens */ = {
			isa = PBXGroup;
			children = (
				18FFE1702A777C7E0032DEA6 /* Home */,
				18FFE1712A777C9B0032DEA6 /* Search */,
				18FFE1722A777CA20032DEA6 /* Profile */,
			);
			path = Screens;
			sourceTree = "<group>";
		};
		18FFE1702A777C7E0032DEA6 /* Home */ = {
			isa = PBXGroup;
			children = (
				18FFE17B2A7782CF0032DEA6 /* View */,
				18FFE17A2A7782C80032DEA6 /* ViewModel */,
				18FFE1792A7782C00032DEA6 /* Model */,
			);
			path = Home;
			sourceTree = "<group>";
		};
		18FFE1712A777C9B0032DEA6 /* Search */ = {
			isa = PBXGroup;
			children = (
				18FFE1812A77887F0032DEA6 /* View */,
				18FFE18C2A778B860032DEA6 /* ViewModel */,
				18FFE18D2A778B940032DEA6 /* Model */,
			);
			path = Search;
			sourceTree = "<group>";
		};
		18FFE1722A777CA20032DEA6 /* Profile */ = {
			isa = PBXGroup;
			children = (
				18FFE1982A77AC840032DEA6 /* View */,
				18FFE19A2A77ACB10032DEA6 /* ViewModel */,
				18FFE1992A77ACAB0032DEA6 /* Model */,
			);
			path = Profile;
			sourceTree = "<group>";
		};
		18FFE1792A7782C00032DEA6 /* Model */ = {
			isa = PBXGroup;
			children = (
			);
			path = Model;
			sourceTree = "<group>";
		};
		18FFE17A2A7782C80032DEA6 /* ViewModel */ = {
			isa = PBXGroup;
			children = (
			);
			path = ViewModel;
			sourceTree = "<group>";
		};
		18FFE17B2A7782CF0032DEA6 /* View */ = {
			isa = PBXGroup;
			children = (
				18FFE17C2A7782E00032DEA6 /* CollectionCell */,
				18FFE1732A777CC10032DEA6 /* HomeController.swift */,
			);
			path = View;
			sourceTree = "<group>";
		};
		18FFE17C2A7782E00032DEA6 /* CollectionCell */ = {
			isa = PBXGroup;
			children = (
				18FFE17D2A7782FE0032DEA6 /* HomeCollectionViewCell.swift */,
				18FFE17E2A7782FE0032DEA6 /* HomeCollectionViewCell.xib */,
			);
			path = CollectionCell;
			sourceTree = "<group>";
		};
		18FFE1812A77887F0032DEA6 /* View */ = {
			isa = PBXGroup;
			children = (
				18FFE1822A77888B0032DEA6 /* TableViewCell */,
				18FFE1752A777CF20032DEA6 /* SearchController.swift */,
			);
			path = View;
			sourceTree = "<group>";
		};
		18FFE1822A77888B0032DEA6 /* TableViewCell */ = {
			isa = PBXGroup;
			children = (
				18FFE1832A7788B90032DEA6 /* SearchTableViewCell.swift */,
				18FFE1842A7788B90032DEA6 /* SearchTableViewCell.xib */,
			);
			path = TableViewCell;
			sourceTree = "<group>";
		};
		18FFE1892A778B330032DEA6 /* JsonHelper */ = {
			isa = PBXGroup;
			children = (
				18FFE18A2A778B440032DEA6 /* JsonHelper.swift */,
			);
			path = JsonHelper;
			sourceTree = "<group>";
		};
		18FFE18C2A778B860032DEA6 /* ViewModel */ = {
			isa = PBXGroup;
			children = (
				18FFE1902A7793900032DEA6 /* SearchViewModel.swift */,
			);
			path = ViewModel;
			sourceTree = "<group>";
		};
		18FFE18D2A778B940032DEA6 /* Model */ = {
			isa = PBXGroup;
			children = (
				18FFE18E2A778BA00032DEA6 /* TeamsModel.swift */,
			);
			path = Model;
			sourceTree = "<group>";
		};
		18FFE1922A77984B0032DEA6 /* Utility */ = {
			isa = PBXGroup;
			children = (
				18FFE1892A778B330032DEA6 /* JsonHelper */,
				18FFE19B2A77AD8D0032DEA6 /* ApiHandler */,
				18FFE1952A77985F0032DEA6 /* Extension */,
				18FFE1932A77985A0032DEA6 /* Constant.swift */,
			);
			path = Utility;
			sourceTree = "<group>";
		};
		18FFE1952A77985F0032DEA6 /* Extension */ = {
			isa = PBXGroup;
			children = (
				18FFE1962A7798780032DEA6 /* MutableCollection+Extension.swift */,
			);
			path = Extension;
			sourceTree = "<group>";
		};
		18FFE1982A77AC840032DEA6 /* View */ = {
			isa = PBXGroup;
			children = (
				18FFE1A22A77B17E0032DEA6 /* TableViewCell */,
				18FFE1772A777D170032DEA6 /* ProfileController.swift */,
			);
			path = View;
			sourceTree = "<group>";
		};
		18FFE1992A77ACAB0032DEA6 /* Model */ = {
			isa = PBXGroup;
			children = (
				18FFE19E2A77AF370032DEA6 /* UserModel.swift */,
			);
			path = Model;
			sourceTree = "<group>";
		};
		18FFE19A2A77ACB10032DEA6 /* ViewModel */ = {
			isa = PBXGroup;
			children = (
				18FFE1A02A77AFE10032DEA6 /* ProfileViewModel.swift */,
			);
			path = ViewModel;
			sourceTree = "<group>";
		};
		18FFE19B2A77AD8D0032DEA6 /* ApiHandler */ = {
			isa = PBXGroup;
			children = (
				18FFE19C2A77ADB30032DEA6 /* ApiHandler.swift */,
			);
			path = ApiHandler;
			sourceTree = "<group>";
		};
		18FFE1A22A77B17E0032DEA6 /* TableViewCell */ = {
			isa = PBXGroup;
			children = (
				18FFE1A32A77B1A00032DEA6 /* ProfileTableViewCell.swift */,
				18FFE1A42A77B1A00032DEA6 /* ProfileTableViewCell.xib */,
			);
			path = TableViewCell;
			sourceTree = "<group>";
		};
/* End PBXGroup section */

/* Begin PBXNativeTarget section */
		18FFE1542A777B0E0032DEA6 /* ConcurrencyDemo */ = {
			isa = PBXNativeTarget;
			buildConfigurationList = 18FFE1692A777B100032DEA6 /* Build configuration list for PBXNativeTarget "ConcurrencyDemo" */;
			buildPhases = (
				18FFE1512A777B0E0032DEA6 /* Sources */,
				18FFE1522A777B0E0032DEA6 /* Frameworks */,
				18FFE1532A777B0E0032DEA6 /* Resources */,
			);
			buildRules = (
			);
			dependencies = (
			);
			name = ConcurrencyDemo;
			productName = ConcurrencyDemo;
			productReference = 18FFE1552A777B0E0032DEA6 /* ConcurrencyDemo.app */;
			productType = "com.apple.product-type.application";
		};
/* End PBXNativeTarget section */

/* Begin PBXProject section */
		18FFE14D2A777B0E0032DEA6 /* Project object */ = {
			isa = PBXProject;
			attributes = {
				BuildIndependentTargetsInParallel = 1;
				LastSwiftUpdateCheck = 1400;
				LastUpgradeCheck = 1400;
				TargetAttributes = {
					18FFE1542A777B0E0032DEA6 = {
						CreatedOnToolsVersion = 14.0.1;
					};
				};
			};
			buildConfigurationList = 18FFE1502A777B0E0032DEA6 /* Build configuration list for PBXProject "ConcurrencyDemo" */;
			compatibilityVersion = "Xcode 14.0";
			developmentRegion = en;
			hasScannedForEncodings = 0;
			knownRegions = (
				en,
				Base,
			);
			mainGroup = 18FFE14C2A777B0E0032DEA6;
			productRefGroup = 18FFE1562A777B0E0032DEA6 /* Products */;
			projectDirPath = "";
			projectRoot = "";
			targets = (
				18FFE1542A777B0E0032DEA6 /* ConcurrencyDemo */,
			);
		};
/* End PBXProject section */

/* Begin PBXResourcesBuildPhase section */
		18FFE1532A777B0E0032DEA6 /* Resources */ = {
			isa = PBXResourcesBuildPhase;
			buildActionMask = 2147483647;
			files = (
				18FFE1882A778B0C0032DEA6 /* TeamsData.json in Resources */,
				18FFE1652A777B100032DEA6 /* LaunchScreen.storyboard in Resources */,
				18FFE1622A777B100032DEA6 /* Assets.xcassets in Resources */,
				18FFE1A62A77B1A00032DEA6 /* ProfileTableViewCell.xib in Resources */,
				18FFE1602A777B0E0032DEA6 /* Main.storyboard in Resources */,
				18FFE1802A7782FE0032DEA6 /* HomeCollectionViewCell.xib in Resources */,
				18FFE1862A7788B90032DEA6 /* SearchTableViewCell.xib in Resources */,
			);
			runOnlyForDeploymentPostprocessing = 0;
		};
/* End PBXResourcesBuildPhase section */

/* Begin PBXSourcesBuildPhase section */
		18FFE1512A777B0E0032DEA6 /* Sources */ = {
			isa = PBXSourcesBuildPhase;
			buildActionMask = 2147483647;
			files = (
				18FFE1592A777B0E0032DEA6 /* AppDelegate.swift in Sources */,
				18FFE15B2A777B0E0032DEA6 /* SceneDelegate.swift in Sources */,
				18FFE1742A777CC10032DEA6 /* HomeController.swift in Sources */,
				18FFE1762A777CF20032DEA6 /* SearchController.swift in Sources */,
				18FFE1782A777D170032DEA6 /* ProfileController.swift in Sources */,
				18FFE18B2A778B440032DEA6 /* JsonHelper.swift in Sources */,
				18FFE1972A7798780032DEA6 /* MutableCollection+Extension.swift in Sources */,
				18FFE1912A7793900032DEA6 /* SearchViewModel.swift in Sources */,
				18FFE19F2A77AF370032DEA6 /* UserModel.swift in Sources */,
				18FFE1A52A77B1A00032DEA6 /* ProfileTableViewCell.swift in Sources */,
				18FFE1A12A77AFE10032DEA6 /* ProfileViewModel.swift in Sources */,
				18FFE17F2A7782FE0032DEA6 /* HomeCollectionViewCell.swift in Sources */,
				18FFE1942A77985A0032DEA6 /* Constant.swift in Sources */,
				18FFE18F2A778BA00032DEA6 /* TeamsModel.swift in Sources */,
				18FFE19D2A77ADB30032DEA6 /* ApiHandler.swift in Sources */,
				18FFE1852A7788B90032DEA6 /* SearchTableViewCell.swift in Sources */,
			);
			runOnlyForDeploymentPostprocessing = 0;
		};
/* End PBXSourcesBuildPhase section */

/* Begin PBXVariantGroup section */
		18FFE15E2A777B0E0032DEA6 /* Main.storyboard */ = {
			isa = PBXVariantGroup;
			children = (
				18FFE15F2A777B0E0032DEA6 /* Base */,
			);
			name = Main.storyboard;
			sourceTree = "<group>";
		};
		18FFE1632A777B100032DEA6 /* LaunchScreen.storyboard */ = {
			isa = PBXVariantGroup;
			children = (
				18FFE1642A777B100032DEA6 /* Base */,
			);
			name = LaunchScreen.storyboard;
			sourceTree = "<group>";
		};
/* End PBXVariantGroup section */

/* Begin XCBuildConfiguration section */
		18FFE1672A777B100032DEA6 /* Debug */ = {
			isa = XCBuildConfiguration;
			buildSettings = {
				ALWAYS_SEARCH_USER_PATHS = NO;
				CLANG_ANALYZER_NONNULL = YES;
				CLANG_ANALYZER_NUMBER_OBJECT_CONVERSION = YES_AGGRESSIVE;
				CLANG_CXX_LANGUAGE_STANDARD = "gnu++20";
				CLANG_ENABLE_MODULES = YES;
				CLANG_ENABLE_OBJC_ARC = YES;
				CLANG_ENABLE_OBJC_WEAK = YES;
				CLANG_WARN_BLOCK_CAPTURE_AUTORELEASING = YES;
				CLANG_WARN_BOOL_CONVERSION = YES;
				CLANG_WARN_COMMA = YES;
				CLANG_WARN_CONSTANT_CONVERSION = YES;
				CLANG_WARN_DEPRECATED_OBJC_IMPLEMENTATIONS = YES;
				CLANG_WARN_DIRECT_OBJC_ISA_USAGE = YES_ERROR;
				CLANG_WARN_DOCUMENTATION_COMMENTS = YES;
				CLANG_WARN_EMPTY_BODY = YES;
				CLANG_WARN_ENUM_CONVERSION = YES;
				CLANG_WARN_INFINITE_RECURSION = YES;
				CLANG_WARN_INT_CONVERSION = YES;
				CLANG_WARN_NON_LITERAL_NULL_CONVERSION = YES;
				CLANG_WARN_OBJC_IMPLICIT_RETAIN_SELF = YES;
				CLANG_WARN_OBJC_LITERAL_CONVERSION = YES;
				CLANG_WARN_OBJC_ROOT_CLASS = YES_ERROR;
				CLANG_WARN_QUOTED_INCLUDE_IN_FRAMEWORK_HEADER = YES;
				CLANG_WARN_RANGE_LOOP_ANALYSIS = YES;
				CLANG_WARN_STRICT_PROTOTYPES = YES;
				CLANG_WARN_SUSPICIOUS_MOVE = YES;
				CLANG_WARN_UNGUARDED_AVAILABILITY = YES_AGGRESSIVE;
				CLANG_WARN_UNREACHABLE_CODE = YES;
				CLANG_WARN__DUPLICATE_METHOD_MATCH = YES;
				COPY_PHASE_STRIP = NO;
				DEBUG_INFORMATION_FORMAT = dwarf;
				ENABLE_STRICT_OBJC_MSGSEND = YES;
				ENABLE_TESTABILITY = YES;
				GCC_C_LANGUAGE_STANDARD = gnu11;
				GCC_DYNAMIC_NO_PIC = NO;
				GCC_NO_COMMON_BLOCKS = YES;
				GCC_OPTIMIZATION_LEVEL = 0;
				GCC_PREPROCESSOR_DEFINITIONS = (
					"DEBUG=1",
					"$(inherited)",
				);
				GCC_WARN_64_TO_32_BIT_CONVERSION = YES;
				GCC_WARN_ABOUT_RETURN_TYPE = YES_ERROR;
				GCC_WARN_UNDECLARED_SELECTOR = YES;
				GCC_WARN_UNINITIALIZED_AUTOS = YES_AGGRESSIVE;
				GCC_WARN_UNUSED_FUNCTION = YES;
				GCC_WARN_UNUSED_VARIABLE = YES;
				IPHONEOS_DEPLOYMENT_TARGET = 16.0;
				MTL_ENABLE_DEBUG_INFO = INCLUDE_SOURCE;
				MTL_FAST_MATH = YES;
				ONLY_ACTIVE_ARCH = YES;
				SDKROOT = iphoneos;
				SWIFT_ACTIVE_COMPILATION_CONDITIONS = DEBUG;
				SWIFT_OPTIMIZATION_LEVEL = "-Onone";
			};
			name = Debug;
		};
		18FFE1682A777B100032DEA6 /* Release */ = {
			isa = XCBuildConfiguration;
			buildSettings = {
				ALWAYS_SEARCH_USER_PATHS = NO;
				CLANG_ANALYZER_NONNULL = YES;
				CLANG_ANALYZER_NUMBER_OBJECT_CONVERSION = YES_AGGRESSIVE;
				CLANG_CXX_LANGUAGE_STANDARD = "gnu++20";
				CLANG_ENABLE_MODULES = YES;
				CLANG_ENABLE_OBJC_ARC = YES;
				CLANG_ENABLE_OBJC_WEAK = YES;
				CLANG_WARN_BLOCK_CAPTURE_AUTORELEASING = YES;
				CLANG_WARN_BOOL_CONVERSION = YES;
				CLANG_WARN_COMMA = YES;
				CLANG_WARN_CONSTANT_CONVERSION = YES;
				CLANG_WARN_DEPRECATED_OBJC_IMPLEMENTATIONS = YES;
				CLANG_WARN_DIRECT_OBJC_ISA_USAGE = YES_ERROR;
				CLANG_WARN_DOCUMENTATION_COMMENTS = YES;
				CLANG_WARN_EMPTY_BODY = YES;
				CLANG_WARN_ENUM_CONVERSION = YES;
				CLANG_WARN_INFINITE_RECURSION = YES;
				CLANG_WARN_INT_CONVERSION = YES;
				CLANG_WARN_NON_LITERAL_NULL_CONVERSION = YES;
				CLANG_WARN_OBJC_IMPLICIT_RETAIN_SELF = YES;
				CLANG_WARN_OBJC_LITERAL_CONVERSION = YES;
				CLANG_WARN_OBJC_ROOT_CLASS = YES_ERROR;
				CLANG_WARN_QUOTED_INCLUDE_IN_FRAMEWORK_HEADER = YES;
				CLANG_WARN_RANGE_LOOP_ANALYSIS = YES;
				CLANG_WARN_STRICT_PROTOTYPES = YES;
				CLANG_WARN_SUSPICIOUS_MOVE = YES;
				CLANG_WARN_UNGUARDED_AVAILABILITY = YES_AGGRESSIVE;
				CLANG_WARN_UNREACHABLE_CODE = YES;
				CLANG_WARN__DUPLICATE_METHOD_MATCH = YES;
				COPY_PHASE_STRIP = NO;
				DEBUG_INFORMATION_FORMAT = "dwarf-with-dsym";
				ENABLE_NS_ASSERTIONS = NO;
				ENABLE_STRICT_OBJC_MSGSEND = YES;
				GCC_C_LANGUAGE_STANDARD = gnu11;
				GCC_NO_COMMON_BLOCKS = YES;
				GCC_WARN_64_TO_32_BIT_CONVERSION = YES;
				GCC_WARN_ABOUT_RETURN_TYPE = YES_ERROR;
				GCC_WARN_UNDECLARED_SELECTOR = YES;
				GCC_WARN_UNINITIALIZED_AUTOS = YES_AGGRESSIVE;
				GCC_WARN_UNUSED_FUNCTION = YES;
				GCC_WARN_UNUSED_VARIABLE = YES;
				IPHONEOS_DEPLOYMENT_TARGET = 16.0;
				MTL_ENABLE_DEBUG_INFO = NO;
				MTL_FAST_MATH = YES;
				SDKROOT = iphoneos;
				SWIFT_COMPILATION_MODE = wholemodule;
				SWIFT_OPTIMIZATION_LEVEL = "-O";
				VALIDATE_PRODUCT = YES;
			};
			name = Release;
		};
		18FFE16A2A777B100032DEA6 /* Debug */ = {
			isa = XCBuildConfiguration;
			buildSettings = {
				ASSETCATALOG_COMPILER_APPICON_NAME = AppIcon;
				ASSETCATALOG_COMPILER_GLOBAL_ACCENT_COLOR_NAME = AccentColor;
				CODE_SIGN_STYLE = Automatic;
				CURRENT_PROJECT_VERSION = 1;
				DEVELOPMENT_TEAM = 7UP535HWNT;
				GENERATE_INFOPLIST_FILE = YES;
				INFOPLIST_FILE = ConcurrencyDemo/Info.plist;
				INFOPLIST_KEY_UIApplicationSupportsIndirectInputEvents = YES;
				INFOPLIST_KEY_UILaunchStoryboardName = LaunchScreen;
				INFOPLIST_KEY_UIMainStoryboardFile = Main;
				INFOPLIST_KEY_UISupportedInterfaceOrientations_iPad = "UIInterfaceOrientationPortrait UIInterfaceOrientationPortraitUpsideDown UIInterfaceOrientationLandscapeLeft UIInterfaceOrientationLandscapeRight";
				INFOPLIST_KEY_UISupportedInterfaceOrientations_iPhone = "UIInterfaceOrientationPortrait UIInterfaceOrientationLandscapeLeft UIInterfaceOrientationLandscapeRight";
				IPHONEOS_DEPLOYMENT_TARGET = 13.0;
				LD_RUNPATH_SEARCH_PATHS = (
					"$(inherited)",
					"@executable_path/Frameworks",
				);
				MARKETING_VERSION = 1.0;
				PRODUCT_BUNDLE_IDENTIFIER = daksh.ConcurrencyDemo;
				PRODUCT_NAME = "$(TARGET_NAME)";
				SWIFT_EMIT_LOC_STRINGS = YES;
				SWIFT_VERSION = 5.0;
				TARGETED_DEVICE_FAMILY = "1,2";
			};
			name = Debug;
		};
		18FFE16B2A777B100032DEA6 /* Release */ = {
			isa = XCBuildConfiguration;
			buildSettings = {
				ASSETCATALOG_COMPILER_APPICON_NAME = AppIcon;
				ASSETCATALOG_COMPILER_GLOBAL_ACCENT_COLOR_NAME = AccentColor;
				CODE_SIGN_STYLE = Automatic;
				CURRENT_PROJECT_VERSION = 1;
				DEVELOPMENT_TEAM = 7UP535HWNT;
				GENERATE_INFOPLIST_FILE = YES;
				INFOPLIST_FILE = ConcurrencyDemo/Info.plist;
				INFOPLIST_KEY_UIApplicationSupportsIndirectInputEvents = YES;
				INFOPLIST_KEY_UILaunchStoryboardName = LaunchScreen;
				INFOPLIST_KEY_UIMainStoryboardFile = Main;
				INFOPLIST_KEY_UISupportedInterfaceOrientations_iPad = "UIInterfaceOrientationPortrait UIInterfaceOrientationPortraitUpsideDown UIInterfaceOrientationLandscapeLeft UIInterfaceOrientationLandscapeRight";
				INFOPLIST_KEY_UISupportedInterfaceOrientations_iPhone = "UIInterfaceOrientationPortrait UIInterfaceOrientationLandscapeLeft UIInterfaceOrientationLandscapeRight";
				IPHONEOS_DEPLOYMENT_TARGET = 13.0;
				LD_RUNPATH_SEARCH_PATHS = (
					"$(inherited)",
					"@executable_path/Frameworks",
				);
				MARKETING_VERSION = 1.0;
				PRODUCT_BUNDLE_IDENTIFIER = daksh.ConcurrencyDemo;
				PRODUCT_NAME = "$(TARGET_NAME)";
				SWIFT_EMIT_LOC_STRINGS = YES;
				SWIFT_VERSION = 5.0;
				TARGETED_DEVICE_FAMILY = "1,2";
			};
			name = Release;
		};
/* End XCBuildConfiguration section */

/* Begin XCConfigurationList section */
		18FFE1502A777B0E0032DEA6 /* Build configuration list for PBXProject "ConcurrencyDemo" */ = {
			isa = XCConfigurationList;
			buildConfigurations = (
				18FFE1672A777B100032DEA6 /* Debug */,
				18FFE1682A777B100032DEA6 /* Release */,
			);
			defaultConfigurationIsVisible = 0;
			defaultConfigurationName = Release;
		};
		18FFE1692A777B100032DEA6 /* Build configuration list for PBXNativeTarget "ConcurrencyDemo" */ = {
			isa = XCConfigurationList;
			buildConfigurations = (
				18FFE16A2A777B100032DEA6 /* Debug */,
				18FFE16B2A777B100032DEA6 /* Release */,
			);
			defaultConfigurationIsVisible = 0;
			defaultConfigurationName = Release;
		};
/* End XCConfigurationList section */
	};
	rootObject = 18FFE14D2A777B0E0032DEA6 /* Project object */;
}
